
Microsoft Visual Studio Solution File, Format Version 12.00
# Visual Studio Version 17
VisualStudioVersion = 17.12.35527.113 d17.12
MinimumVisualStudioVersion = 10.0.40219.1
Project("{FAE04EC0-301F-11D3-BF4B-00C04F79EFBC}") = "Tienda", "Tienda\Tienda.csproj", "{438F7BB6-0641-4B77-BFE0-6DB640C0967F}"
EndProject
Global
	GlobalSection(SolutionConfigurationPlatforms) = preSolution
		Debug|Any CPU = Debug|Any CPU
		Release|Any CPU = Release|Any CPU
	EndGlobalSection
	GlobalSection(ProjectConfigurationPlatforms) = postSolution
		{438F7BB6-0641-4B77-BFE0-6DB640C0967F}.Debug|Any CPU.ActiveCfg = Debug|Any CPU
		{438F7BB6-0641-4B77-BFE0-6DB640C0967F}.Debug|Any CPU.Build.0 = Debug|Any CPU
		{438F7BB6-0641-4B77-BFE0-6DB640C0967F}.Release|Any CPU.ActiveCfg = Release|Any CPU
		{438F7BB6-0641-4B77-BFE0-6DB640C0967F}.Release|Any CPU.Build.0 = Release|Any CPU
	EndGlobalSection
	GlobalSection(SolutionProperties) = preSolution
		HideSolutionNode = FALSE
	EndGlobalSection
EndGlobal
